
Microsoft Visual Studio Solution File, Format Version 12.00
# Visual Studio 14
VisualStudioVersion = 14.0.23107.0
MinimumVisualStudioVersion = 10.0.40219.1
Project("{FAE04EC0-301F-11D3-BF4B-00C04F79EFBC}") = "WebAPIDemoUI", "WebAPIDemoUI\WebAPIDemoUI.csproj", "{D338DF7A-6A55-47C7-92E0-CF897BC3937E}"
EndProject
Global
	GlobalSection(SolutionConfigurationPlatforms) = preSolution
		Debug|Any CPU = Debug|Any CPU
		Release|Any CPU = Release|Any CPU
	EndGlobalSection
	GlobalSection(ProjectConfigurationPlatforms) = postSolution
		{D338DF7A-6A55-47C7-92E0-CF897BC3937E}.Debug|Any CPU.ActiveCfg = Debug|Any CPU
		{D338DF7A-6A55-47C7-92E0-CF897BC3937E}.Debug|Any CPU.Build.0 = Debug|Any CPU
		{D338DF7A-6A55-47C7-92E0-CF897BC3937E}.Release|Any CPU.ActiveCfg = Release|Any CPU
		{D338DF7A-6A55-47C7-92E0-CF897BC3937E}.Release|Any CPU.Build.0 = Release|Any CPU
	EndGlobalSection
	GlobalSection(SolutionProperties) = preSolution
		HideSolutionNode = FALSE
	EndGlobalSection
EndGlobal
